
Microsoft Visual Studio Solution File, Format Version 12.00
# Visual Studio Version 17
VisualStudioVersion = 17.4.33213.308
MinimumVisualStudioVersion = 10.0.40219.1
Project("{FAE04EC0-301F-11D3-BF4B-00C04F79EFBC}") = "GymBooking.Web", "GymBooking.Web\GymBooking.Web.csproj", "{05FDEEAC-DB23-41E7-B84C-668262EACF51}"
EndProject
Global
	GlobalSection(SolutionConfigurationPlatforms) = preSolution
		Debug|Any CPU = Debug|Any CPU
		Release|Any CPU = Release|Any CPU
	EndGlobalSection
	GlobalSection(ProjectConfigurationPlatforms) = postSolution
		{05FDEEAC-DB23-41E7-B84C-668262EACF51}.Debug|Any CPU.ActiveCfg = Debug|Any CPU
		{05FDEEAC-DB23-41E7-B84C-668262EACF51}.Debug|Any CPU.Build.0 = Debug|Any CPU
		{05FDEEAC-DB23-41E7-B84C-668262EACF51}.Release|Any CPU.ActiveCfg = Release|Any CPU
		{05FDEEAC-DB23-41E7-B84C-668262EACF51}.Release|Any CPU.Build.0 = Release|Any CPU
	EndGlobalSection
	GlobalSection(SolutionProperties) = preSolution
		HideSolutionNode = FALSE
	EndGlobalSection
	GlobalSection(ExtensibilityGlobals) = postSolution
		SolutionGuid = {62927D37-39B9-4578-B96F-7C0134F63C7D}
	EndGlobalSection
EndGlobal
